// !$*UTF8*$!
{
	archiveVersion = 1;
	classes = {
	};
	objectVersion = 55;
	objects = {

/* Begin PBXBuildFile section */
		7C1D5C6027828DFB00E3CED3 /* AppDelegate.swift in Sources */ = {isa = PBXBuildFile; fileRef = 7C1D5C5F27828DFB00E3CED3 /* AppDelegate.swift */; };
		7C1D5C6227828DFB00E3CED3 /* SceneDelegate.swift in Sources */ = {isa = PBXBuildFile; fileRef = 7C1D5C6127828DFB00E3CED3 /* SceneDelegate.swift */; };
		7C1D5C6427828DFB00E3CED3 /* ViewController.swift in Sources */ = {isa = PBXBuildFile; fileRef = 7C1D5C6327828DFB00E3CED3 /* ViewController.swift */; };
		7C1D5C6727828DFB00E3CED3 /* Main.storyboard in Resources */ = {isa = PBXBuildFile; fileRef = 7C1D5C6527828DFB00E3CED3 /* Main.storyboard */; };
		7C1D5C6927828DFE00E3CED3 /* Assets.xcassets in Resources */ = {isa = PBXBuildFile; fileRef = 7C1D5C6827828DFE00E3CED3 /* Assets.xcassets */; };
		7C1D5C6C27828DFE00E3CED3 /* LaunchScreen.storyboard in Resources */ = {isa = PBXBuildFile; fileRef = 7C1D5C6A27828DFE00E3CED3 /* LaunchScreen.storyboard */; };
		7C1D5C7927830C5500E3CED3 /* Yapilacak.swift in Sources */ = {isa = PBXBuildFile; fileRef = 7C1D5C7827830C5500E3CED3 /* Yapilacak.swift */; };
		7C1D5C8D27830F4E00E3CED3 /* TableViewYapilacak.swift in Sources */ = {isa = PBXBuildFile; fileRef = 7C1D5C8C27830F4E00E3CED3 /* TableViewYapilacak.swift */; };
		7C1D5C902783195D00E3CED3 /* YapilacakDetayVC.swift in Sources */ = {isa = PBXBuildFile; fileRef = 7C1D5C8F2783195D00E3CED3 /* YapilacakDetayVC.swift */; };
		7C1D5C9227831BB200E3CED3 /* YapilacakKayitVC.swift in Sources */ = {isa = PBXBuildFile; fileRef = 7C1D5C9127831BB200E3CED3 /* YapilacakKayitVC.swift */; };
		7C1D5C9427831C5C00E3CED3 /* YapilacakDetayProtocols.swift in Sources */ = {isa = PBXBuildFile; fileRef = 7C1D5C9327831C5C00E3CED3 /* YapilacakDetayProtocols.swift */; };
		7C1D5C9627831D8100E3CED3 /* YapilacakDetayPresenter.swift in Sources */ = {isa = PBXBuildFile; fileRef = 7C1D5C9527831D8100E3CED3 /* YapilacakDetayPresenter.swift */; };
		7C1D5C9827831E3700E3CED3 /* YapilacakDetayRouter.swift in Sources */ = {isa = PBXBuildFile; fileRef = 7C1D5C9727831E3700E3CED3 /* YapilacakDetayRouter.swift */; };
		7C1D5C9A27831E7A00E3CED3 /* YapilacakDetayInteractor.swift in Sources */ = {isa = PBXBuildFile; fileRef = 7C1D5C9927831E7A00E3CED3 /* YapilacakDetayInteractor.swift */; };
		7C1D5C9C27831F1A00E3CED3 /* YapilacakKayitProtocols.swift in Sources */ = {isa = PBXBuildFile; fileRef = 7C1D5C9B27831F1A00E3CED3 /* YapilacakKayitProtocols.swift */; };
		7C1D5C9E27831FEE00E3CED3 /* YapilacakKayitInteractor.swift in Sources */ = {isa = PBXBuildFile; fileRef = 7C1D5C9D27831FEE00E3CED3 /* YapilacakKayitInteractor.swift */; };
		7C1D5CA02783207100E3CED3 /* YapilacakKayitPresenter.swift in Sources */ = {isa = PBXBuildFile; fileRef = 7C1D5C9F2783207100E3CED3 /* YapilacakKayitPresenter.swift */; };
		7C1D5CA2278320DF00E3CED3 /* YapilacakKayitRouter.swift in Sources */ = {isa = PBXBuildFile; fileRef = 7C1D5CA1278320DF00E3CED3 /* YapilacakKayitRouter.swift */; };
		7C1D5CA42783212100E3CED3 /* ViewControllerProtocols.swift in Sources */ = {isa = PBXBuildFile; fileRef = 7C1D5CA32783212100E3CED3 /* ViewControllerProtocols.swift */; };
		7C1D5CA62783236900E3CED3 /* ViewControllerInteractor.swift in Sources */ = {isa = PBXBuildFile; fileRef = 7C1D5CA52783236900E3CED3 /* ViewControllerInteractor.swift */; };
		7C1D5CA8278323F300E3CED3 /* ViewControllerPresenter.swift in Sources */ = {isa = PBXBuildFile; fileRef = 7C1D5CA7278323F300E3CED3 /* ViewControllerPresenter.swift */; };
		7C1D5CAC278325A400E3CED3 /* ViewControllerRouter.swift in Sources */ = {isa = PBXBuildFile; fileRef = 7C1D5CAB278325A400E3CED3 /* ViewControllerRouter.swift */; };
		7C1D5CBB27832EA100E3CED3 /* FMDatabasePool.m in Sources */ = {isa = PBXBuildFile; fileRef = 7C1D5CB127832EA000E3CED3 /* FMDatabasePool.m */; };
		7C1D5CBC27832EA100E3CED3 /* FMDatabaseQueue.m in Sources */ = {isa = PBXBuildFile; fileRef = 7C1D5CB227832EA000E3CED3 /* FMDatabaseQueue.m */; };
		7C1D5CBD27832EA100E3CED3 /* FMDatabaseAdditions.m in Sources */ = {isa = PBXBuildFile; fileRef = 7C1D5CB427832EA000E3CED3 /* FMDatabaseAdditions.m */; };
		7C1D5CBE27832EA100E3CED3 /* FMResultSet.m in Sources */ = {isa = PBXBuildFile; fileRef = 7C1D5CB727832EA000E3CED3 /* FMResultSet.m */; };
		7C1D5CBF27832EA100E3CED3 /* FMDatabase.m in Sources */ = {isa = PBXBuildFile; fileRef = 7C1D5CB827832EA100E3CED3 /* FMDatabase.m */; };
		7C1D5CC127832F1500E3CED3 /* yapilacak.sqlite in Resources */ = {isa = PBXBuildFile; fileRef = 7C1D5CC027832F1500E3CED3 /* yapilacak.sqlite */; };
/* End PBXBuildFile section */

/* Begin PBXFileReference section */
		7C1D5C5C27828DFB00E3CED3 /* Homework007.app */ = {isa = PBXFileReference; explicitFileType = wrapper.application; includeInIndex = 0; path = Homework007.app; sourceTree = BUILT_PRODUCTS_DIR; };
		7C1D5C5F27828DFB00E3CED3 /* AppDelegate.swift */ = {isa = PBXFileReference; lastKnownFileType = sourcecode.swift; path = AppDelegate.swift; sourceTree = "<group>"; };
		7C1D5C6127828DFB00E3CED3 /* SceneDelegate.swift */ = {isa = PBXFileReference; lastKnownFileType = sourcecode.swift; path = SceneDelegate.swift; sourceTree = "<group>"; };
		7C1D5C6327828DFB00E3CED3 /* ViewController.swift */ = {isa = PBXFileReference; lastKnownFileType = sourcecode.swift; path = ViewController.swift; sourceTree = "<group>"; };
		7C1D5C6627828DFB00E3CED3 /* Base */ = {isa = PBXFileReference; lastKnownFileType = file.storyboard; name = Base; path = Base.lproj/Main.storyboard; sourceTree = "<group>"; };
		7C1D5C6827828DFE00E3CED3 /* Assets.xcassets */ = {isa = PBXFileReference; lastKnownFileType = folder.assetcatalog; path = Assets.xcassets; sourceTree = "<group>"; };
		7C1D5C6B27828DFE00E3CED3 /* Base */ = {isa = PBXFileReference; lastKnownFileType = file.storyboard; name = Base; path = Base.lproj/LaunchScreen.storyboard; sourceTree = "<group>"; };
		7C1D5C6D27828DFE00E3CED3 /* Info.plist */ = {isa = PBXFileReference; lastKnownFileType = text.plist.xml; path = Info.plist; sourceTree = "<group>"; };
		7C1D5C7827830C5500E3CED3 /* Yapilacak.swift */ = {isa = PBXFileReference; lastKnownFileType = sourcecode.swift; path = Yapilacak.swift; sourceTree = "<group>"; };
		7C1D5C8C27830F4E00E3CED3 /* TableViewYapilacak.swift */ = {isa = PBXFileReference; lastKnownFileType = sourcecode.swift; path = TableViewYapilacak.swift; sourceTree = "<group>"; };
		7C1D5C8F2783195D00E3CED3 /* YapilacakDetayVC.swift */ = {isa = PBXFileReference; lastKnownFileType = sourcecode.swift; path = YapilacakDetayVC.swift; sourceTree = "<group>"; };
		7C1D5C9127831BB200E3CED3 /* YapilacakKayitVC.swift */ = {isa = PBXFileReference; lastKnownFileType = sourcecode.swift; path = YapilacakKayitVC.swift; sourceTree = "<group>"; };
		7C1D5C9327831C5C00E3CED3 /* YapilacakDetayProtocols.swift */ = {isa = PBXFileReference; lastKnownFileType = sourcecode.swift; path = YapilacakDetayProtocols.swift; sourceTree = "<group>"; };
		7C1D5C9527831D8100E3CED3 /* YapilacakDetayPresenter.swift */ = {isa = PBXFileReference; lastKnownFileType = sourcecode.swift; path = YapilacakDetayPresenter.swift; sourceTree = "<group>"; };
		7C1D5C9727831E3700E3CED3 /* YapilacakDetayRouter.swift */ = {isa = PBXFileReference; lastKnownFileType = sourcecode.swift; path = YapilacakDetayRouter.swift; sourceTree = "<group>"; };
		7C1D5C9927831E7A00E3CED3 /* YapilacakDetayInteractor.swift */ = {isa = PBXFileReference; lastKnownFileType = sourcecode.swift; path = YapilacakDetayInteractor.swift; sourceTree = "<group>"; };
		7C1D5C9B27831F1A00E3CED3 /* YapilacakKayitProtocols.swift */ = {isa = PBXFileReference; lastKnownFileType = sourcecode.swift; path = YapilacakKayitProtocols.swift; sourceTree = "<group>"; };
		7C1D5C9D27831FEE00E3CED3 /* YapilacakKayitInteractor.swift */ = {isa = PBXFileReference; lastKnownFileType = sourcecode.swift; path = YapilacakKayitInteractor.swift; sourceTree = "<group>"; };
		7C1D5C9F2783207100E3CED3 /* YapilacakKayitPresenter.swift */ = {isa = PBXFileReference; lastKnownFileType = sourcecode.swift; path = YapilacakKayitPresenter.swift; sourceTree = "<group>"; };
		7C1D5CA1278320DF00E3CED3 /* YapilacakKayitRouter.swift */ = {isa = PBXFileReference; lastKnownFileType = sourcecode.swift; path = YapilacakKayitRouter.swift; sourceTree = "<group>"; };
		7C1D5CA32783212100E3CED3 /* ViewControllerProtocols.swift */ = {isa = PBXFileReference; lastKnownFileType = sourcecode.swift; path = ViewControllerProtocols.swift; sourceTree = "<group>"; };
		7C1D5CA52783236900E3CED3 /* ViewControllerInteractor.swift */ = {isa = PBXFileReference; lastKnownFileType = sourcecode.swift; path = ViewControllerInteractor.swift; sourceTree = "<group>"; };
		7C1D5CA7278323F300E3CED3 /* ViewControllerPresenter.swift */ = {isa = PBXFileReference; lastKnownFileType = sourcecode.swift; path = ViewControllerPresenter.swift; sourceTree = "<group>"; };
		7C1D5CAB278325A400E3CED3 /* ViewControllerRouter.swift */ = {isa = PBXFileReference; lastKnownFileType = sourcecode.swift; path = ViewControllerRouter.swift; sourceTree = "<group>"; };
		7C1D5CAE27832E2700E3CED3 /* libsqlite3.tbd */ = {isa = PBXFileReference; lastKnownFileType = "sourcecode.text-based-dylib-definition"; name = libsqlite3.tbd; path = usr/lib/libsqlite3.tbd; sourceTree = SDKROOT; };
		7C1D5CAF27832E9F00E3CED3 /* Homework007-Bridging-Header.h */ = {isa = PBXFileReference; lastKnownFileType = sourcecode.c.h; path = "Homework007-Bridging-Header.h"; sourceTree = "<group>"; };
		7C1D5CB027832EA000E3CED3 /* FMResultSet.h */ = {isa = PBXFileReference; fileEncoding = 4; lastKnownFileType = sourcecode.c.h; path = FMResultSet.h; sourceTree = "<group>"; };
		7C1D5CB127832EA000E3CED3 /* FMDatabasePool.m */ = {isa = PBXFileReference; fileEncoding = 4; lastKnownFileType = sourcecode.c.objc; path = FMDatabasePool.m; sourceTree = "<group>"; };
		7C1D5CB227832EA000E3CED3 /* FMDatabaseQueue.m */ = {isa = PBXFileReference; fileEncoding = 4; lastKnownFileType = sourcecode.c.objc; path = FMDatabaseQueue.m; sourceTree = "<group>"; };
		7C1D5CB327832EA000E3CED3 /* FMDB.h */ = {isa = PBXFileReference; fileEncoding = 4; lastKnownFileType = sourcecode.c.h; path = FMDB.h; sourceTree = "<group>"; };
		7C1D5CB427832EA000E3CED3 /* FMDatabaseAdditions.m */ = {isa = PBXFileReference; fileEncoding = 4; lastKnownFileType = sourcecode.c.objc; path = FMDatabaseAdditions.m; sourceTree = "<group>"; };
		7C1D5CB527832EA000E3CED3 /* FMDatabaseAdditions.h */ = {isa = PBXFileReference; fileEncoding = 4; lastKnownFileType = sourcecode.c.h; path = FMDatabaseAdditions.h; sourceTree = "<group>"; };
		7C1D5CB627832EA000E3CED3 /* FMDatabaseQueue.h */ = {isa = PBXFileReference; fileEncoding = 4; lastKnownFileType = sourcecode.c.h; path = FMDatabaseQueue.h; sourceTree = "<group>"; };
		7C1D5CB727832EA000E3CED3 /* FMResultSet.m */ = {isa = PBXFileReference; fileEncoding = 4; lastKnownFileType = sourcecode.c.objc; path = FMResultSet.m; sourceTree = "<group>"; };
		7C1D5CB827832EA100E3CED3 /* FMDatabase.m */ = {isa = PBXFileReference; fileEncoding = 4; lastKnownFileType = sourcecode.c.objc; path = FMDatabase.m; sourceTree = "<group>"; };
		7C1D5CB927832EA100E3CED3 /* FMDatabasePool.h */ = {isa = PBXFileReference; fileEncoding = 4; lastKnownFileType = sourcecode.c.h; path = FMDatabasePool.h; sourceTree = "<group>"; };
		7C1D5CBA27832EA100E3CED3 /* FMDatabase.h */ = {isa = PBXFileReference; fileEncoding = 4; lastKnownFileType = sourcecode.c.h; path = FMDatabase.h; sourceTree = "<group>"; };
		7C1D5CC027832F1500E3CED3 /* yapilacak.sqlite */ = {isa = PBXFileReference; lastKnownFileType = file; path = yapilacak.sqlite; sourceTree = "<group>"; };
/* End PBXFileReference section */

/* Begin PBXFrameworksBuildPhase section */
		7C1D5C5927828DFB00E3CED3 /* Frameworks */ = {
			isa = PBXFrameworksBuildPhase;
			buildActionMask = 2147483647;
			files = (
			);
			runOnlyForDeploymentPostprocessing = 0;
		};
/* End PBXFrameworksBuildPhase section */

/* Begin PBXGroup section */
		7C1D5C5327828DFB00E3CED3 = {
			isa = PBXGroup;
			children = (
				7C1D5C5E27828DFB00E3CED3 /* Homework007 */,
				7C1D5C5D27828DFB00E3CED3 /* Products */,
				7C1D5CAD27832E2700E3CED3 /* Frameworks */,
			);
			sourceTree = "<group>";
		};
		7C1D5C5D27828DFB00E3CED3 /* Products */ = {
			isa = PBXGroup;
			children = (
				7C1D5C5C27828DFB00E3CED3 /* Homework007.app */,
			);
			name = Products;
			sourceTree = "<group>";
		};
		7C1D5C5E27828DFB00E3CED3 /* Homework007 */ = {
			isa = PBXGroup;
			children = (
				7C1D5C8627830D8500E3CED3 /* yapilacakkayit-module */,
				7C1D5C8027830CED00E3CED3 /* yapilacakdetay-module */,
				7C1D5C7A27830CAB00E3CED3 /* viewcontroller-module */,
				7C1D5C7327830B8900E3CED3 /* entity */,
				7C1D5C5F27828DFB00E3CED3 /* AppDelegate.swift */,
				7C1D5C6127828DFB00E3CED3 /* SceneDelegate.swift */,
				7C1D5C6527828DFB00E3CED3 /* Main.storyboard */,
				7C1D5C6827828DFE00E3CED3 /* Assets.xcassets */,
				7C1D5C6A27828DFE00E3CED3 /* LaunchScreen.storyboard */,
				7C1D5C6D27828DFE00E3CED3 /* Info.plist */,
				7C1D5CC027832F1500E3CED3 /* yapilacak.sqlite */,
				7C1D5CBA27832EA100E3CED3 /* FMDatabase.h */,
				7C1D5CB827832EA100E3CED3 /* FMDatabase.m */,
				7C1D5CB527832EA000E3CED3 /* FMDatabaseAdditions.h */,
				7C1D5CB427832EA000E3CED3 /* FMDatabaseAdditions.m */,
				7C1D5CB927832EA100E3CED3 /* FMDatabasePool.h */,
				7C1D5CB127832EA000E3CED3 /* FMDatabasePool.m */,
				7C1D5CB627832EA000E3CED3 /* FMDatabaseQueue.h */,
				7C1D5CB227832EA000E3CED3 /* FMDatabaseQueue.m */,
				7C1D5CB327832EA000E3CED3 /* FMDB.h */,
				7C1D5CB027832EA000E3CED3 /* FMResultSet.h */,
				7C1D5CB727832EA000E3CED3 /* FMResultSet.m */,
				7C1D5CAF27832E9F00E3CED3 /* Homework007-Bridging-Header.h */,
			);
			path = Homework007;
			sourceTree = "<group>";
		};
		7C1D5C7327830B8900E3CED3 /* entity */ = {
			isa = PBXGroup;
			children = (
				7C1D5C7827830C5500E3CED3 /* Yapilacak.swift */,
			);
			path = entity;
			sourceTree = "<group>";
		};
		7C1D5C7A27830CAB00E3CED3 /* viewcontroller-module */ = {
			isa = PBXGroup;
			children = (
				7C1D5C8E2783137E00E3CED3 /* tableview */,
				7C1D5C7F27830CDF00E3CED3 /* protocols */,
				7C1D5C7E27830CD700E3CED3 /* router */,
				7C1D5C7D27830CC900E3CED3 /* interactor */,
				7C1D5C7C27830CBF00E3CED3 /* presenter */,
				7C1D5C7B27830CB700E3CED3 /* view */,
			);
			path = "viewcontroller-module";
			sourceTree = "<group>";
		};
		7C1D5C7B27830CB700E3CED3 /* view */ = {
			isa = PBXGroup;
			children = (
				7C1D5C6327828DFB00E3CED3 /* ViewController.swift */,
			);
			path = view;
			sourceTree = "<group>";
		};
		7C1D5C7C27830CBF00E3CED3 /* presenter */ = {
			isa = PBXGroup;
			children = (
				7C1D5CA7278323F300E3CED3 /* ViewControllerPresenter.swift */,
			);
			path = presenter;
			sourceTree = "<group>";
		};
		7C1D5C7D27830CC900E3CED3 /* interactor */ = {
			isa = PBXGroup;
			children = (
				7C1D5CA52783236900E3CED3 /* ViewControllerInteractor.swift */,
			);
			path = interactor;
			sourceTree = "<group>";
		};
		7C1D5C7E27830CD700E3CED3 /* router */ = {
			isa = PBXGroup;
			children = (
				7C1D5CAB278325A400E3CED3 /* ViewControllerRouter.swift */,
			);
			path = router;
			sourceTree = "<group>";
		};
		7C1D5C7F27830CDF00E3CED3 /* protocols */ = {
			isa = PBXGroup;
			children = (
				7C1D5CA32783212100E3CED3 /* ViewControllerProtocols.swift */,
			);
			path = protocols;
			sourceTree = "<group>";
		};
		7C1D5C8027830CED00E3CED3 /* yapilacakdetay-module */ = {
			isa = PBXGroup;
			children = (
				7C1D5C8527830D2F00E3CED3 /* protocols */,
				7C1D5C8427830D2700E3CED3 /* router */,
				7C1D5C8327830D1F00E3CED3 /* interactor */,
				7C1D5C8227830D1200E3CED3 /* presenter */,
				7C1D5C8127830D0800E3CED3 /* view */,
			);
			path = "yapilacakdetay-module";
			sourceTree = "<group>";
		};
		7C1D5C8127830D0800E3CED3 /* view */ = {
			isa = PBXGroup;
			children = (
				7C1D5C8F2783195D00E3CED3 /* YapilacakDetayVC.swift */,
			);
			path = view;
			sourceTree = "<group>";
		};
		7C1D5C8227830D1200E3CED3 /* presenter */ = {
			isa = PBXGroup;
			children = (
				7C1D5C9527831D8100E3CED3 /* YapilacakDetayPresenter.swift */,
			);
			path = presenter;
			sourceTree = "<group>";
		};
		7C1D5C8327830D1F00E3CED3 /* interactor */ = {
			isa = PBXGroup;
			children = (
				7C1D5C9927831E7A00E3CED3 /* YapilacakDetayInteractor.swift */,
			);
			path = interactor;
			sourceTree = "<group>";
		};
		7C1D5C8427830D2700E3CED3 /* router */ = {
			isa = PBXGroup;
			children = (
				7C1D5C9727831E3700E3CED3 /* YapilacakDetayRouter.swift */,
			);
			path = router;
			sourceTree = "<group>";
		};
		7C1D5C8527830D2F00E3CED3 /* protocols */ = {
			isa = PBXGroup;
			children = (
				7C1D5C9327831C5C00E3CED3 /* YapilacakDetayProtocols.swift */,
			);
			path = protocols;
			sourceTree = "<group>";
		};
		7C1D5C8627830D8500E3CED3 /* yapilacakkayit-module */ = {
			isa = PBXGroup;
			children = (
				7C1D5C8B27830DAE00E3CED3 /* protocols */,
				7C1D5C8A27830DA700E3CED3 /* router */,
				7C1D5C8927830DA100E3CED3 /* interactor */,
				7C1D5C8827830D9A00E3CED3 /* presenter */,
				7C1D5C8727830D9200E3CED3 /* view */,
			);
			path = "yapilacakkayit-module";
			sourceTree = "<group>";
		};
		7C1D5C8727830D9200E3CED3 /* view */ = {
			isa = PBXGroup;
			children = (
				7C1D5C9127831BB200E3CED3 /* YapilacakKayitVC.swift */,
			);
			path = view;
			sourceTree = "<group>";
		};
		7C1D5C8827830D9A00E3CED3 /* presenter */ = {
			isa = PBXGroup;
			children = (
				7C1D5C9F2783207100E3CED3 /* YapilacakKayitPresenter.swift */,
			);
			path = presenter;
			sourceTree = "<group>";
		};
		7C1D5C8927830DA100E3CED3 /* interactor */ = {
			isa = PBXGroup;
			children = (
				7C1D5C9D27831FEE00E3CED3 /* YapilacakKayitInteractor.swift */,
			);
			path = interactor;
			sourceTree = "<group>";
		};
		7C1D5C8A27830DA700E3CED3 /* router */ = {
			isa = PBXGroup;
			children = (
				7C1D5CA1278320DF00E3CED3 /* YapilacakKayitRouter.swift */,
			);
			path = router;
			sourceTree = "<group>";
		};
		7C1D5C8B27830DAE00E3CED3 /* protocols */ = {
			isa = PBXGroup;
			children = (
				7C1D5C9B27831F1A00E3CED3 /* YapilacakKayitProtocols.swift */,
			);
			path = protocols;
			sourceTree = "<group>";
		};
		7C1D5C8E2783137E00E3CED3 /* tableview */ = {
			isa = PBXGroup;
			children = (
				7C1D5C8C27830F4E00E3CED3 /* TableViewYapilacak.swift */,
			);
			path = tableview;
			sourceTree = "<group>";
		};
		7C1D5CAD27832E2700E3CED3 /* Frameworks */ = {
			isa = PBXGroup;
			children = (
				7C1D5CAE27832E2700E3CED3 /* libsqlite3.tbd */,
			);
			name = Frameworks;
			sourceTree = "<group>";
		};
/* End PBXGroup section */

/* Begin PBXNativeTarget section */
		7C1D5C5B27828DFB00E3CED3 /* Homework007 */ = {
			isa = PBXNativeTarget;
			buildConfigurationList = 7C1D5C7027828DFE00E3CED3 /* Build configuration list for PBXNativeTarget "Homework007" */;
			buildPhases = (
				7C1D5C5827828DFB00E3CED3 /* Sources */,
				7C1D5C5927828DFB00E3CED3 /* Frameworks */,
				7C1D5C5A27828DFB00E3CED3 /* Resources */,
			);
			buildRules = (
			);
			dependencies = (
			);
			name = Homework007;
			productName = Homework007;
			productReference = 7C1D5C5C27828DFB00E3CED3 /* Homework007.app */;
			productType = "com.apple.product-type.application";
		};
/* End PBXNativeTarget section */

/* Begin PBXProject section */
		7C1D5C5427828DFB00E3CED3 /* Project object */ = {
			isa = PBXProject;
			attributes = {
				BuildIndependentTargetsInParallel = 1;
				LastSwiftUpdateCheck = 1310;
				LastUpgradeCheck = 1310;
				TargetAttributes = {
					7C1D5C5B27828DFB00E3CED3 = {
						CreatedOnToolsVersion = 13.1;
						LastSwiftMigration = 1310;
					};
				};
			};
			buildConfigurationList = 7C1D5C5727828DFB00E3CED3 /* Build configuration list for PBXProject "Homework007" */;
			compatibilityVersion = "Xcode 13.0";
			developmentRegion = en;
			hasScannedForEncodings = 0;
			knownRegions = (
				en,
				Base,
			);
			mainGroup = 7C1D5C5327828DFB00E3CED3;
			productRefGroup = 7C1D5C5D27828DFB00E3CED3 /* Products */;
			projectDirPath = "";
			projectRoot = "";
			targets = (
				7C1D5C5B27828DFB00E3CED3 /* Homework007 */,
			);
		};
/* End PBXProject section */

/* Begin PBXResourcesBuildPhase section */
		7C1D5C5A27828DFB00E3CED3 /* Resources */ = {
			isa = PBXResourcesBuildPhase;
			buildActionMask = 2147483647;
			files = (
				7C1D5C6C27828DFE00E3CED3 /* LaunchScreen.storyboard in Resources */,
				7C1D5C6927828DFE00E3CED3 /* Assets.xcassets in Resources */,
				7C1D5C6727828DFB00E3CED3 /* Main.storyboard in Resources */,
				7C1D5CC127832F1500E3CED3 /* yapilacak.sqlite in Resources */,
			);
			runOnlyForDeploymentPostprocessing = 0;
		};
/* End PBXResourcesBuildPhase section */

/* Begin PBXSourcesBuildPhase section */
		7C1D5C5827828DFB00E3CED3 /* Sources */ = {
			isa = PBXSourcesBuildPhase;
			buildActionMask = 2147483647;
			files = (
				7C1D5C6427828DFB00E3CED3 /* ViewController.swift in Sources */,
				7C1D5C8D27830F4E00E3CED3 /* TableViewYapilacak.swift in Sources */,
				7C1D5CAC278325A400E3CED3 /* ViewControllerRouter.swift in Sources */,
				7C1D5C9827831E3700E3CED3 /* YapilacakDetayRouter.swift in Sources */,
				7C1D5C9627831D8100E3CED3 /* YapilacakDetayPresenter.swift in Sources */,
				7C1D5C902783195D00E3CED3 /* YapilacakDetayVC.swift in Sources */,
				7C1D5C9E27831FEE00E3CED3 /* YapilacakKayitInteractor.swift in Sources */,
				7C1D5CBD27832EA100E3CED3 /* FMDatabaseAdditions.m in Sources */,
				7C1D5C9427831C5C00E3CED3 /* YapilacakDetayProtocols.swift in Sources */,
				7C1D5C9C27831F1A00E3CED3 /* YapilacakKayitProtocols.swift in Sources */,
				7C1D5C9227831BB200E3CED3 /* YapilacakKayitVC.swift in Sources */,
				7C1D5CA8278323F300E3CED3 /* ViewControllerPresenter.swift in Sources */,
				7C1D5CA02783207100E3CED3 /* YapilacakKayitPresenter.swift in Sources */,
				7C1D5C7927830C5500E3CED3 /* Yapilacak.swift in Sources */,
				7C1D5C6027828DFB00E3CED3 /* AppDelegate.swift in Sources */,
				7C1D5CBF27832EA100E3CED3 /* FMDatabase.m in Sources */,
				7C1D5CA42783212100E3CED3 /* ViewControllerProtocols.swift in Sources */,
				7C1D5CA62783236900E3CED3 /* ViewControllerInteractor.swift in Sources */,
				7C1D5CBE27832EA100E3CED3 /* FMResultSet.m in Sources */,
				7C1D5C6227828DFB00E3CED3 /* SceneDelegate.swift in Sources */,
				7C1D5CBC27832EA100E3CED3 /* FMDatabaseQueue.m in Sources */,
				7C1D5CBB27832EA100E3CED3 /* FMDatabasePool.m in Sources */,
				7C1D5C9A27831E7A00E3CED3 /* YapilacakDetayInteractor.swift in Sources */,
				7C1D5CA2278320DF00E3CED3 /* YapilacakKayitRouter.swift in Sources */,
			);
			runOnlyForDeploymentPostprocessing = 0;
		};
/* End PBXSourcesBuildPhase section */

/* Begin PBXVariantGroup section */
		7C1D5C6527828DFB00E3CED3 /* Main.storyboard */ = {
			isa = PBXVariantGroup;
			children = (
				7C1D5C6627828DFB00E3CED3 /* Base */,
			);
			name = Main.storyboard;
			sourceTree = "<group>";
		};
		7C1D5C6A27828DFE00E3CED3 /* LaunchScreen.storyboard */ = {
			isa = PBXVariantGroup;
			children = (
				7C1D5C6B27828DFE00E3CED3 /* Base */,
			);
			name = LaunchScreen.storyboard;
			sourceTree = "<group>";
		};
/* End PBXVariantGroup section */

/* Begin XCBuildConfiguration section */
		7C1D5C6E27828DFE00E3CED3 /* Debug */ = {
			isa = XCBuildConfiguration;
			buildSettings = {
				ALWAYS_SEARCH_USER_PATHS = NO;
				CLANG_ANALYZER_NONNULL = YES;
				CLANG_ANALYZER_NUMBER_OBJECT_CONVERSION = YES_AGGRESSIVE;
				CLANG_CXX_LANGUAGE_STANDARD = "gnu++17";
				CLANG_CXX_LIBRARY = "libc++";
				CLANG_ENABLE_MODULES = YES;
				CLANG_ENABLE_OBJC_ARC = YES;
				CLANG_ENABLE_OBJC_WEAK = YES;
				CLANG_WARN_BLOCK_CAPTURE_AUTORELEASING = YES;
				CLANG_WARN_BOOL_CONVERSION = YES;
				CLANG_WARN_COMMA = YES;
				CLANG_WARN_CONSTANT_CONVERSION = YES;
				CLANG_WARN_DEPRECATED_OBJC_IMPLEMENTATIONS = YES;
				CLANG_WARN_DIRECT_OBJC_ISA_USAGE = YES_ERROR;
				CLANG_WARN_DOCUMENTATION_COMMENTS = YES;
				CLANG_WARN_EMPTY_BODY = YES;
				CLANG_WARN_ENUM_CONVERSION = YES;
				CLANG_WARN_INFINITE_RECURSION = YES;
				CLANG_WARN_INT_CONVERSION = YES;
				CLANG_WARN_NON_LITERAL_NULL_CONVERSION = YES;
				CLANG_WARN_OBJC_IMPLICIT_RETAIN_SELF = YES;
				CLANG_WARN_OBJC_LITERAL_CONVERSION = YES;
				CLANG_WARN_OBJC_ROOT_CLASS = YES_ERROR;
				CLANG_WARN_QUOTED_INCLUDE_IN_FRAMEWORK_HEADER = YES;
				CLANG_WARN_RANGE_LOOP_ANALYSIS = YES;
				CLANG_WARN_STRICT_PROTOTYPES = YES;
				CLANG_WARN_SUSPICIOUS_MOVE = YES;
				CLANG_WARN_UNGUARDED_AVAILABILITY = YES_AGGRESSIVE;
				CLANG_WARN_UNREACHABLE_CODE = YES;
				CLANG_WARN__DUPLICATE_METHOD_MATCH = YES;
				COPY_PHASE_STRIP = NO;
				DEBUG_INFORMATION_FORMAT = dwarf;
				ENABLE_STRICT_OBJC_MSGSEND = YES;
				ENABLE_TESTABILITY = YES;
				GCC_C_LANGUAGE_STANDARD = gnu11;
				GCC_DYNAMIC_NO_PIC = NO;
				GCC_NO_COMMON_BLOCKS = YES;
				GCC_OPTIMIZATION_LEVEL = 0;
				GCC_PREPROCESSOR_DEFINITIONS = (
					"DEBUG=1",
					"$(inherited)",
				);
				GCC_WARN_64_TO_32_BIT_CONVERSION = YES;
				GCC_WARN_ABOUT_RETURN_TYPE = YES_ERROR;
				GCC_WARN_UNDECLARED_SELECTOR = YES;
				GCC_WARN_UNINITIALIZED_AUTOS = YES_AGGRESSIVE;
				GCC_WARN_UNUSED_FUNCTION = YES;
				GCC_WARN_UNUSED_VARIABLE = YES;
				IPHONEOS_DEPLOYMENT_TARGET = 15.0;
				MTL_ENABLE_DEBUG_INFO = INCLUDE_SOURCE;
				MTL_FAST_MATH = YES;
				ONLY_ACTIVE_ARCH = YES;
				SDKROOT = iphoneos;
				SWIFT_ACTIVE_COMPILATION_CONDITIONS = DEBUG;
				SWIFT_OPTIMIZATION_LEVEL = "-Onone";
			};
			name = Debug;
		};
		7C1D5C6F27828DFE00E3CED3 /* Release */ = {
			isa = XCBuildConfiguration;
			buildSettings = {
				ALWAYS_SEARCH_USER_PATHS = NO;
				CLANG_ANALYZER_NONNULL = YES;
				CLANG_ANALYZER_NUMBER_OBJECT_CONVERSION = YES_AGGRESSIVE;
				CLANG_CXX_LANGUAGE_STANDARD = "gnu++17";
				CLANG_CXX_LIBRARY = "libc++";
				CLANG_ENABLE_MODULES = YES;
				CLANG_ENABLE_OBJC_ARC = YES;
				CLANG_ENABLE_OBJC_WEAK = YES;
				CLANG_WARN_BLOCK_CAPTURE_AUTORELEASING = YES;
				CLANG_WARN_BOOL_CONVERSION = YES;
				CLANG_WARN_COMMA = YES;
				CLANG_WARN_CONSTANT_CONVERSION = YES;
				CLANG_WARN_DEPRECATED_OBJC_IMPLEMENTATIONS = YES;
				CLANG_WARN_DIRECT_OBJC_ISA_USAGE = YES_ERROR;
				CLANG_WARN_DOCUMENTATION_COMMENTS = YES;
				CLANG_WARN_EMPTY_BODY = YES;
				CLANG_WARN_ENUM_CONVERSION = YES;
				CLANG_WARN_INFINITE_RECURSION = YES;
				CLANG_WARN_INT_CONVERSION = YES;
				CLANG_WARN_NON_LITERAL_NULL_CONVERSION = YES;
				CLANG_WARN_OBJC_IMPLICIT_RETAIN_SELF = YES;
				CLANG_WARN_OBJC_LITERAL_CONVERSION = YES;
				CLANG_WARN_OBJC_ROOT_CLASS = YES_ERROR;
				CLANG_WARN_QUOTED_INCLUDE_IN_FRAMEWORK_HEADER = YES;
				CLANG_WARN_RANGE_LOOP_ANALYSIS = YES;
				CLANG_WARN_STRICT_PROTOTYPES = YES;
				CLANG_WARN_SUSPICIOUS_MOVE = YES;
				CLANG_WARN_UNGUARDED_AVAILABILITY = YES_AGGRESSIVE;
				CLANG_WARN_UNREACHABLE_CODE = YES;
				CLANG_WARN__DUPLICATE_METHOD_MATCH = YES;
				COPY_PHASE_STRIP = NO;
				DEBUG_INFORMATION_FORMAT = "dwarf-with-dsym";
				ENABLE_NS_ASSERTIONS = NO;
				ENABLE_STRICT_OBJC_MSGSEND = YES;
				GCC_C_LANGUAGE_STANDARD = gnu11;
				GCC_NO_COMMON_BLOCKS = YES;
				GCC_WARN_64_TO_32_BIT_CONVERSION = YES;
				GCC_WARN_ABOUT_RETURN_TYPE = YES_ERROR;
				GCC_WARN_UNDECLARED_SELECTOR = YES;
				GCC_WARN_UNINITIALIZED_AUTOS = YES_AGGRESSIVE;
				GCC_WARN_UNUSED_FUNCTION = YES;
				GCC_WARN_UNUSED_VARIABLE = YES;
				IPHONEOS_DEPLOYMENT_TARGET = 15.0;
				MTL_ENABLE_DEBUG_INFO = NO;
				MTL_FAST_MATH = YES;
				SDKROOT = iphoneos;
				SWIFT_COMPILATION_MODE = wholemodule;
				SWIFT_OPTIMIZATION_LEVEL = "-O";
				VALIDATE_PRODUCT = YES;
			};
			name = Release;
		};
		7C1D5C7127828DFE00E3CED3 /* Debug */ = {
			isa = XCBuildConfiguration;
			buildSettings = {
				ASSETCATALOG_COMPILER_APPICON_NAME = AppIcon;
				ASSETCATALOG_COMPILER_GLOBAL_ACCENT_COLOR_NAME = AccentColor;
				CLANG_ENABLE_MODULES = YES;
				CODE_SIGN_STYLE = Automatic;
				CURRENT_PROJECT_VERSION = 1;
				DEVELOPMENT_TEAM = X4583CR5AQ;
				GENERATE_INFOPLIST_FILE = YES;
				INFOPLIST_FILE = Homework007/Info.plist;
				INFOPLIST_KEY_UIApplicationSupportsIndirectInputEvents = YES;
				INFOPLIST_KEY_UILaunchStoryboardName = LaunchScreen;
				INFOPLIST_KEY_UIMainStoryboardFile = Main;
				INFOPLIST_KEY_UISupportedInterfaceOrientations_iPad = "UIInterfaceOrientationPortrait UIInterfaceOrientationPortraitUpsideDown UIInterfaceOrientationLandscapeLeft UIInterfaceOrientationLandscapeRight";
				INFOPLIST_KEY_UISupportedInterfaceOrientations_iPhone = "UIInterfaceOrientationPortrait UIInterfaceOrientationLandscapeLeft UIInterfaceOrientationLandscapeRight";
				LD_RUNPATH_SEARCH_PATHS = (
					"$(inherited)",
					"@executable_path/Frameworks",
				);
				MARKETING_VERSION = 1.0;
				PRODUCT_BUNDLE_IDENTIFIER = com.biyikozcan.Homework007;
				PRODUCT_NAME = "$(TARGET_NAME)";
				SWIFT_EMIT_LOC_STRINGS = YES;
				SWIFT_OBJC_BRIDGING_HEADER = "Homework007/Homework007-Bridging-Header.h";
				SWIFT_OPTIMIZATION_LEVEL = "-Onone";
				SWIFT_VERSION = 5.0;
				TARGETED_DEVICE_FAMILY = "1,2";
			};
			name = Debug;
		};
		7C1D5C7227828DFE00E3CED3 /* Release */ = {
			isa = XCBuildConfiguration;
			buildSettings = {
				ASSETCATALOG_COMPILER_APPICON_NAME = AppIcon;
				ASSETCATALOG_COMPILER_GLOBAL_ACCENT_COLOR_NAME = AccentColor;
				CLANG_ENABLE_MODULES = YES;
				CODE_SIGN_STYLE = Automatic;
				CURRENT_PROJECT_VERSION = 1;
				DEVELOPMENT_TEAM = X4583CR5AQ;
				GENERATE_INFOPLIST_FILE = YES;
				INFOPLIST_FILE = Homework007/Info.plist;
				INFOPLIST_KEY_UIApplicationSupportsIndirectInputEvents = YES;
				INFOPLIST_KEY_UILaunchStoryboardName = LaunchScreen;
				INFOPLIST_KEY_UIMainStoryboardFile = Main;
				INFOPLIST_KEY_UISupportedInterfaceOrientations_iPad = "UIInterfaceOrientationPortrait UIInterfaceOrientationPortraitUpsideDown UIInterfaceOrientationLandscapeLeft UIInterfaceOrientationLandscapeRight";
				INFOPLIST_KEY_UISupportedInterfaceOrientations_iPhone = "UIInterfaceOrientationPortrait UIInterfaceOrientationLandscapeLeft UIInterfaceOrientationLandscapeRight";
				LD_RUNPATH_SEARCH_PATHS = (
					"$(inherited)",
					"@executable_path/Frameworks",
				);
				MARKETING_VERSION = 1.0;
				PRODUCT_BUNDLE_IDENTIFIER = com.biyikozcan.Homework007;
				PRODUCT_NAME = "$(TARGET_NAME)";
				SWIFT_EMIT_LOC_STRINGS = YES;
				SWIFT_OBJC_BRIDGING_HEADER = "Homework007/Homework007-Bridging-Header.h";
				SWIFT_VERSION = 5.0;
				TARGETED_DEVICE_FAMILY = "1,2";
			};
			name = Release;
		};
/* End XCBuildConfiguration section */

/* Begin XCConfigurationList section */
		7C1D5C5727828DFB00E3CED3 /* Build configuration list for PBXProject "Homework007" */ = {
			isa = XCConfigurationList;
			buildConfigurations = (
				7C1D5C6E27828DFE00E3CED3 /* Debug */,
				7C1D5C6F27828DFE00E3CED3 /* Release */,
			);
			defaultConfigurationIsVisible = 0;
			defaultConfigurationName = Release;
		};
		7C1D5C7027828DFE00E3CED3 /* Build configuration list for PBXNativeTarget "Homework007" */ = {
			isa = XCConfigurationList;
			buildConfigurations = (
				7C1D5C7127828DFE00E3CED3 /* Debug */,
				7C1D5C7227828DFE00E3CED3 /* Release */,
			);
			defaultConfigurationIsVisible = 0;
			defaultConfigurationName = Release;
		};
/* End XCConfigurationList section */
	};
	rootObject = 7C1D5C5427828DFB00E3CED3 /* Project object */;
}
